
Microsoft Visual Studio Solution File, Format Version 12.00
# Visual Studio Version 17
VisualStudioVersion = 17.0.31903.59
MinimumVisualStudioVersion = 10.0.40219.1
Project("{2150E333-8FDC-42A3-9474-1A3956D46DE8}") = "src", "src", "{FF7493BA-76A0-4296-BF0A-42D35751ABD7}"
EndProject
Project("{F2A71F9B-5D33-465A-A702-920D77279786}") = "day15", "src\day15\day15.fsproj", "{B36D63D9-6368-4EF8-B64A-2A39E289A9DB}"
EndProject
Project("{F2A71F9B-5D33-465A-A702-920D77279786}") = "day16", "src\day16\day16.fsproj", "{4B307C75-0B77-4F2D-BE84-24117C6CC1A9}"
EndProject
Project("{F2A71F9B-5D33-465A-A702-920D77279786}") = "day17", "src\day17\day17.fsproj", "{7A2F5617-8A48-4DF5-BBCE-B3E04B9045A7}"
EndProject
Project("{F2A71F9B-5D33-465A-A702-920D77279786}") = "day18", "src\day18\day18.fsproj", "{D75FB99A-47C9-4D58-8424-3F61D7BB1096}"
EndProject
Project("{F2A71F9B-5D33-465A-A702-920D77279786}") = "AOC", "src\AOC\AOC.fsproj", "{B1B66718-6652-47B2-B6D3-F9D8B18758F8}"
EndProject
Project("{F2A71F9B-5D33-465A-A702-920D77279786}") = "day10", "src\day10\day10.fsproj", "{EF360A6A-3248-4F5E-84EF-E6559120CCA5}"
EndProject
Project("{F2A71F9B-5D33-465A-A702-920D77279786}") = "day1_1", "src\day1_1\day1_1.fsproj", "{40C0A0DE-A196-4EFC-BC24-42FBF5F43867}"
EndProject
Project("{F2A71F9B-5D33-465A-A702-920D77279786}") = "day11", "src\day11\day11.fsproj", "{C6DD3358-FB7D-4672-B74F-4BCF93859C2E}"
EndProject
Project("{F2A71F9B-5D33-465A-A702-920D77279786}") = "day1_2", "src\day1_2\day1_2.fsproj", "{15E5E152-A92F-4EAF-B76C-8E08BEFB23D7}"
EndProject
Project("{F2A71F9B-5D33-465A-A702-920D77279786}") = "day12", "src\day12\day12.fsproj", "{47FC2F36-09F7-4A09-A084-C88BD0E8D507}"
EndProject
Project("{F2A71F9B-5D33-465A-A702-920D77279786}") = "day13", "src\day13\day13.fsproj", "{4BAF1A7B-8A60-47FB-AAD8-B5C1CCD927A4}"
EndProject
Project("{F2A71F9B-5D33-465A-A702-920D77279786}") = "day14", "src\day14\day14.fsproj", "{30A7A31C-0539-4AC1-B699-0387B5CF28C2}"
EndProject
Project("{F2A71F9B-5D33-465A-A702-920D77279786}") = "day2", "src\day2\day2.fsproj", "{C1D5BA35-B027-4D51-937C-C02E085510E7}"
EndProject
Project("{F2A71F9B-5D33-465A-A702-920D77279786}") = "day3", "src\day3\day3.fsproj", "{FAED0533-AA34-4F5A-9139-F78B136999C4}"
EndProject
Project("{F2A71F9B-5D33-465A-A702-920D77279786}") = "day4", "src\day4\day4.fsproj", "{3776DAA4-6E00-4A1A-B37D-D325A7F02E5A}"
EndProject
Project("{F2A71F9B-5D33-465A-A702-920D77279786}") = "day5", "src\day5\day5.fsproj", "{E2190AD9-833E-4A64-908C-88F6CCF70AB7}"
EndProject
Project("{F2A71F9B-5D33-465A-A702-920D77279786}") = "day6", "src\day6\day6.fsproj", "{0089FBE6-EF45-4FDC-BEAB-E4C4E0B2FEBA}"
EndProject
Project("{F2A71F9B-5D33-465A-A702-920D77279786}") = "day7", "src\day7\day7.fsproj", "{612C4C25-B4DC-4F67-9BB7-5C296A865F25}"
EndProject
Project("{F2A71F9B-5D33-465A-A702-920D77279786}") = "day8", "src\day8\day8.fsproj", "{DB23E9D0-F9B6-46F1-95A9-20C78A1BAFE0}"
EndProject
Project("{F2A71F9B-5D33-465A-A702-920D77279786}") = "day9", "src\day9\day9.fsproj", "{4A5D6364-98D5-4814-8229-4462C64B3C93}"
EndProject
Global
	GlobalSection(SolutionConfigurationPlatforms) = preSolution
		Debug|Any CPU = Debug|Any CPU
		Release|Any CPU = Release|Any CPU
	EndGlobalSection
	GlobalSection(SolutionProperties) = preSolution
		HideSolutionNode = FALSE
	EndGlobalSection
	GlobalSection(ProjectConfigurationPlatforms) = postSolution
		{B36D63D9-6368-4EF8-B64A-2A39E289A9DB}.Debug|Any CPU.ActiveCfg = Debug|Any CPU
		{B36D63D9-6368-4EF8-B64A-2A39E289A9DB}.Debug|Any CPU.Build.0 = Debug|Any CPU
		{B36D63D9-6368-4EF8-B64A-2A39E289A9DB}.Release|Any CPU.ActiveCfg = Release|Any CPU
		{B36D63D9-6368-4EF8-B64A-2A39E289A9DB}.Release|Any CPU.Build.0 = Release|Any CPU
		{4B307C75-0B77-4F2D-BE84-24117C6CC1A9}.Debug|Any CPU.ActiveCfg = Debug|Any CPU
		{4B307C75-0B77-4F2D-BE84-24117C6CC1A9}.Debug|Any CPU.Build.0 = Debug|Any CPU
		{4B307C75-0B77-4F2D-BE84-24117C6CC1A9}.Release|Any CPU.ActiveCfg = Release|Any CPU
		{4B307C75-0B77-4F2D-BE84-24117C6CC1A9}.Release|Any CPU.Build.0 = Release|Any CPU
		{7A2F5617-8A48-4DF5-BBCE-B3E04B9045A7}.Debug|Any CPU.ActiveCfg = Debug|Any CPU
		{7A2F5617-8A48-4DF5-BBCE-B3E04B9045A7}.Debug|Any CPU.Build.0 = Debug|Any CPU
		{7A2F5617-8A48-4DF5-BBCE-B3E04B9045A7}.Release|Any CPU.ActiveCfg = Release|Any CPU
		{7A2F5617-8A48-4DF5-BBCE-B3E04B9045A7}.Release|Any CPU.Build.0 = Release|Any CPU
		{D75FB99A-47C9-4D58-8424-3F61D7BB1096}.Debug|Any CPU.ActiveCfg = Debug|Any CPU
		{D75FB99A-47C9-4D58-8424-3F61D7BB1096}.Debug|Any CPU.Build.0 = Debug|Any CPU
		{D75FB99A-47C9-4D58-8424-3F61D7BB1096}.Release|Any CPU.ActiveCfg = Release|Any CPU
		{D75FB99A-47C9-4D58-8424-3F61D7BB1096}.Release|Any CPU.Build.0 = Release|Any CPU
		{B1B66718-6652-47B2-B6D3-F9D8B18758F8}.Debug|Any CPU.ActiveCfg = Debug|Any CPU
		{B1B66718-6652-47B2-B6D3-F9D8B18758F8}.Debug|Any CPU.Build.0 = Debug|Any CPU
		{B1B66718-6652-47B2-B6D3-F9D8B18758F8}.Release|Any CPU.ActiveCfg = Release|Any CPU
		{B1B66718-6652-47B2-B6D3-F9D8B18758F8}.Release|Any CPU.Build.0 = Release|Any CPU
		{EF360A6A-3248-4F5E-84EF-E6559120CCA5}.Debug|Any CPU.ActiveCfg = Debug|Any CPU
		{EF360A6A-3248-4F5E-84EF-E6559120CCA5}.Debug|Any CPU.Build.0 = Debug|Any CPU
		{EF360A6A-3248-4F5E-84EF-E6559120CCA5}.Release|Any CPU.ActiveCfg = Release|Any CPU
		{EF360A6A-3248-4F5E-84EF-E6559120CCA5}.Release|Any CPU.Build.0 = Release|Any CPU
		{40C0A0DE-A196-4EFC-BC24-42FBF5F43867}.Debug|Any CPU.ActiveCfg = Debug|Any CPU
		{40C0A0DE-A196-4EFC-BC24-42FBF5F43867}.Debug|Any CPU.Build.0 = Debug|Any CPU
		{40C0A0DE-A196-4EFC-BC24-42FBF5F43867}.Release|Any CPU.ActiveCfg = Release|Any CPU
		{40C0A0DE-A196-4EFC-BC24-42FBF5F43867}.Release|Any CPU.Build.0 = Release|Any CPU
		{C6DD3358-FB7D-4672-B74F-4BCF93859C2E}.Debug|Any CPU.ActiveCfg = Debug|Any CPU
		{C6DD3358-FB7D-4672-B74F-4BCF93859C2E}.Debug|Any CPU.Build.0 = Debug|Any CPU
		{C6DD3358-FB7D-4672-B74F-4BCF93859C2E}.Release|Any CPU.ActiveCfg = Release|Any CPU
		{C6DD3358-FB7D-4672-B74F-4BCF93859C2E}.Release|Any CPU.Build.0 = Release|Any CPU
		{15E5E152-A92F-4EAF-B76C-8E08BEFB23D7}.Debug|Any CPU.ActiveCfg = Debug|Any CPU
		{15E5E152-A92F-4EAF-B76C-8E08BEFB23D7}.Debug|Any CPU.Build.0 = Debug|Any CPU
		{15E5E152-A92F-4EAF-B76C-8E08BEFB23D7}.Release|Any CPU.ActiveCfg = Release|Any CPU
		{15E5E152-A92F-4EAF-B76C-8E08BEFB23D7}.Release|Any CPU.Build.0 = Release|Any CPU
		{47FC2F36-09F7-4A09-A084-C88BD0E8D507}.Debug|Any CPU.ActiveCfg = Debug|Any CPU
		{47FC2F36-09F7-4A09-A084-C88BD0E8D507}.Debug|Any CPU.Build.0 = Debug|Any CPU
		{47FC2F36-09F7-4A09-A084-C88BD0E8D507}.Release|Any CPU.ActiveCfg = Release|Any CPU
		{47FC2F36-09F7-4A09-A084-C88BD0E8D507}.Release|Any CPU.Build.0 = Release|Any CPU
		{4BAF1A7B-8A60-47FB-AAD8-B5C1CCD927A4}.Debug|Any CPU.ActiveCfg = Debug|Any CPU
		{4BAF1A7B-8A60-47FB-AAD8-B5C1CCD927A4}.Debug|Any CPU.Build.0 = Debug|Any CPU
		{4BAF1A7B-8A60-47FB-AAD8-B5C1CCD927A4}.Release|Any CPU.ActiveCfg = Release|Any CPU
		{4BAF1A7B-8A60-47FB-AAD8-B5C1CCD927A4}.Release|Any CPU.Build.0 = Release|Any CPU
		{30A7A31C-0539-4AC1-B699-0387B5CF28C2}.Debug|Any CPU.ActiveCfg = Debug|Any CPU
		{30A7A31C-0539-4AC1-B699-0387B5CF28C2}.Debug|Any CPU.Build.0 = Debug|Any CPU
		{30A7A31C-0539-4AC1-B699-0387B5CF28C2}.Release|Any CPU.ActiveCfg = Release|Any CPU
		{30A7A31C-0539-4AC1-B699-0387B5CF28C2}.Release|Any CPU.Build.0 = Release|Any CPU
		{C1D5BA35-B027-4D51-937C-C02E085510E7}.Debug|Any CPU.ActiveCfg = Debug|Any CPU
		{C1D5BA35-B027-4D51-937C-C02E085510E7}.Debug|Any CPU.Build.0 = Debug|Any CPU
		{C1D5BA35-B027-4D51-937C-C02E085510E7}.Release|Any CPU.ActiveCfg = Release|Any CPU
		{C1D5BA35-B027-4D51-937C-C02E085510E7}.Release|Any CPU.Build.0 = Release|Any CPU
		{FAED0533-AA34-4F5A-9139-F78B136999C4}.Debug|Any CPU.ActiveCfg = Debug|Any CPU
		{FAED0533-AA34-4F5A-9139-F78B136999C4}.Debug|Any CPU.Build.0 = Debug|Any CPU
		{FAED0533-AA34-4F5A-9139-F78B136999C4}.Release|Any CPU.ActiveCfg = Release|Any CPU
		{FAED0533-AA34-4F5A-9139-F78B136999C4}.Release|Any CPU.Build.0 = Release|Any CPU
		{3776DAA4-6E00-4A1A-B37D-D325A7F02E5A}.Debug|Any CPU.ActiveCfg = Debug|Any CPU
		{3776DAA4-6E00-4A1A-B37D-D325A7F02E5A}.Debug|Any CPU.Build.0 = Debug|Any CPU
		{3776DAA4-6E00-4A1A-B37D-D325A7F02E5A}.Release|Any CPU.ActiveCfg = Release|Any CPU
		{3776DAA4-6E00-4A1A-B37D-D325A7F02E5A}.Release|Any CPU.Build.0 = Release|Any CPU
		{E2190AD9-833E-4A64-908C-88F6CCF70AB7}.Debug|Any CPU.ActiveCfg = Debug|Any CPU
		{E2190AD9-833E-4A64-908C-88F6CCF70AB7}.Debug|Any CPU.Build.0 = Debug|Any CPU
		{E2190AD9-833E-4A64-908C-88F6CCF70AB7}.Release|Any CPU.ActiveCfg = Release|Any CPU
		{E2190AD9-833E-4A64-908C-88F6CCF70AB7}.Release|Any CPU.Build.0 = Release|Any CPU
		{0089FBE6-EF45-4FDC-BEAB-E4C4E0B2FEBA}.Debug|Any CPU.ActiveCfg = Debug|Any CPU
		{0089FBE6-EF45-4FDC-BEAB-E4C4E0B2FEBA}.Debug|Any CPU.Build.0 = Debug|Any CPU
		{0089FBE6-EF45-4FDC-BEAB-E4C4E0B2FEBA}.Release|Any CPU.ActiveCfg = Release|Any CPU
		{0089FBE6-EF45-4FDC-BEAB-E4C4E0B2FEBA}.Release|Any CPU.Build.0 = Release|Any CPU
		{612C4C25-B4DC-4F67-9BB7-5C296A865F25}.Debug|Any CPU.ActiveCfg = Debug|Any CPU
		{612C4C25-B4DC-4F67-9BB7-5C296A865F25}.Debug|Any CPU.Build.0 = Debug|Any CPU
		{612C4C25-B4DC-4F67-9BB7-5C296A865F25}.Release|Any CPU.ActiveCfg = Release|Any CPU
		{612C4C25-B4DC-4F67-9BB7-5C296A865F25}.Release|Any CPU.Build.0 = Release|Any CPU
		{DB23E9D0-F9B6-46F1-95A9-20C78A1BAFE0}.Debug|Any CPU.ActiveCfg = Debug|Any CPU
		{DB23E9D0-F9B6-46F1-95A9-20C78A1BAFE0}.Debug|Any CPU.Build.0 = Debug|Any CPU
		{DB23E9D0-F9B6-46F1-95A9-20C78A1BAFE0}.Release|Any CPU.ActiveCfg = Release|Any CPU
		{DB23E9D0-F9B6-46F1-95A9-20C78A1BAFE0}.Release|Any CPU.Build.0 = Release|Any CPU
		{4A5D6364-98D5-4814-8229-4462C64B3C93}.Debug|Any CPU.ActiveCfg = Debug|Any CPU
		{4A5D6364-98D5-4814-8229-4462C64B3C93}.Debug|Any CPU.Build.0 = Debug|Any CPU
		{4A5D6364-98D5-4814-8229-4462C64B3C93}.Release|Any CPU.ActiveCfg = Release|Any CPU
		{4A5D6364-98D5-4814-8229-4462C64B3C93}.Release|Any CPU.Build.0 = Release|Any CPU
	EndGlobalSection
	GlobalSection(NestedProjects) = preSolution
		{B36D63D9-6368-4EF8-B64A-2A39E289A9DB} = {FF7493BA-76A0-4296-BF0A-42D35751ABD7}
		{4B307C75-0B77-4F2D-BE84-24117C6CC1A9} = {FF7493BA-76A0-4296-BF0A-42D35751ABD7}
		{7A2F5617-8A48-4DF5-BBCE-B3E04B9045A7} = {FF7493BA-76A0-4296-BF0A-42D35751ABD7}
		{D75FB99A-47C9-4D58-8424-3F61D7BB1096} = {FF7493BA-76A0-4296-BF0A-42D35751ABD7}
		{B1B66718-6652-47B2-B6D3-F9D8B18758F8} = {FF7493BA-76A0-4296-BF0A-42D35751ABD7}
		{EF360A6A-3248-4F5E-84EF-E6559120CCA5} = {FF7493BA-76A0-4296-BF0A-42D35751ABD7}
		{40C0A0DE-A196-4EFC-BC24-42FBF5F43867} = {FF7493BA-76A0-4296-BF0A-42D35751ABD7}
		{C6DD3358-FB7D-4672-B74F-4BCF93859C2E} = {FF7493BA-76A0-4296-BF0A-42D35751ABD7}
		{15E5E152-A92F-4EAF-B76C-8E08BEFB23D7} = {FF7493BA-76A0-4296-BF0A-42D35751ABD7}
		{47FC2F36-09F7-4A09-A084-C88BD0E8D507} = {FF7493BA-76A0-4296-BF0A-42D35751ABD7}
		{4BAF1A7B-8A60-47FB-AAD8-B5C1CCD927A4} = {FF7493BA-76A0-4296-BF0A-42D35751ABD7}
		{30A7A31C-0539-4AC1-B699-0387B5CF28C2} = {FF7493BA-76A0-4296-BF0A-42D35751ABD7}
		{C1D5BA35-B027-4D51-937C-C02E085510E7} = {FF7493BA-76A0-4296-BF0A-42D35751ABD7}
		{FAED0533-AA34-4F5A-9139-F78B136999C4} = {FF7493BA-76A0-4296-BF0A-42D35751ABD7}
		{3776DAA4-6E00-4A1A-B37D-D325A7F02E5A} = {FF7493BA-76A0-4296-BF0A-42D35751ABD7}
		{E2190AD9-833E-4A64-908C-88F6CCF70AB7} = {FF7493BA-76A0-4296-BF0A-42D35751ABD7}
		{0089FBE6-EF45-4FDC-BEAB-E4C4E0B2FEBA} = {FF7493BA-76A0-4296-BF0A-42D35751ABD7}
		{612C4C25-B4DC-4F67-9BB7-5C296A865F25} = {FF7493BA-76A0-4296-BF0A-42D35751ABD7}
		{DB23E9D0-F9B6-46F1-95A9-20C78A1BAFE0} = {FF7493BA-76A0-4296-BF0A-42D35751ABD7}
		{4A5D6364-98D5-4814-8229-4462C64B3C93} = {FF7493BA-76A0-4296-BF0A-42D35751ABD7}
	EndGlobalSection
EndGlobal
